# This file is autogenerated, do not edit; changes may be undone by the next 'dep ensure'.


[[projects]]
  name = "github.com/crillab/gophersat"
  packages = [
    "bf",
    "solver"
  ]
  revision = "707e9dc3119f3301d455cf89d560a04510307cb8"
  version = "v1.1.4"

[solve-meta]
  analyzer-name = "dep"
  analyzer-version = 1
  inputs-digest = "a77a6e363174db5e85ca1e3f65be4e43b49e617f1612bc65cc5f1c27566b0e93"
  solver-name = "gps-cdcl"
  solver-version = 1
